// !$*UTF8*$!
{
	archiveVersion = 1;
	classes = {
	};
	objectVersion = 50;
	objects = {

/* Begin PBXBuildFile section */
		947A20FD2243155900F4BF09 /* AppDelegate.swift in Sources */ = {isa = PBXBuildFile; fileRef = 947A20FC2243155900F4BF09 /* AppDelegate.swift */; };
		947A20FF2243155900F4BF09 /* ViewController.swift in Sources */ = {isa = PBXBuildFile; fileRef = 947A20FE2243155900F4BF09 /* ViewController.swift */; };
		947A21022243155900F4BF09 /* Main.storyboard in Resources */ = {isa = PBXBuildFile; fileRef = 947A21002243155900F4BF09 /* Main.storyboard */; };
		947A21042243155A00F4BF09 /* Assets.xcassets in Resources */ = {isa = PBXBuildFile; fileRef = 947A21032243155A00F4BF09 /* Assets.xcassets */; };
		947A21072243155A00F4BF09 /* LaunchScreen.storyboard in Resources */ = {isa = PBXBuildFile; fileRef = 947A21052243155A00F4BF09 /* LaunchScreen.storyboard */; };
		947A210F2243160700F4BF09 /* ServerData.json in Resources */ = {isa = PBXBuildFile; fileRef = 947A210E2243160700F4BF09 /* ServerData.json */; };
		947A2111224392FE00F4BF09 /* NamePictureCell.swift in Sources */ = {isa = PBXBuildFile; fileRef = 947A2110224392FE00F4BF09 /* NamePictureCell.swift */; };
		947A21132243931800F4BF09 /* BestPractice.swift in Sources */ = {isa = PBXBuildFile; fileRef = 947A21122243931800F4BF09 /* BestPractice.swift */; };
		947A21152243942900F4BF09 /* AboutCell.swift in Sources */ = {isa = PBXBuildFile; fileRef = 947A21142243942900F4BF09 /* AboutCell.swift */; };
		947A21172243943D00F4BF09 /* FriendCell.swift in Sources */ = {isa = PBXBuildFile; fileRef = 947A21162243943D00F4BF09 /* FriendCell.swift */; };
		947A21192243944F00F4BF09 /* AttributeCell.swift in Sources */ = {isa = PBXBuildFile; fileRef = 947A21182243944F00F4BF09 /* AttributeCell.swift */; };
		947A211B2243945D00F4BF09 /* EmailCell.swift in Sources */ = {isa = PBXBuildFile; fileRef = 947A211A2243945D00F4BF09 /* EmailCell.swift */; };
		947A211D22439A2A00F4BF09 /* ProfileModel.swift in Sources */ = {isa = PBXBuildFile; fileRef = 947A211C22439A2A00F4BF09 /* ProfileModel.swift */; };
		947A211F22439C8900F4BF09 /* ProfileViewModel.swift in Sources */ = {isa = PBXBuildFile; fileRef = 947A211E22439C8900F4BF09 /* ProfileViewModel.swift */; };
/* End PBXBuildFile section */

/* Begin PBXFileReference section */
		947A20F92243155900F4BF09 /* BP-UITableView.app */ = {isa = PBXFileReference; explicitFileType = wrapper.application; includeInIndex = 0; path = "BP-UITableView.app"; sourceTree = BUILT_PRODUCTS_DIR; };
		947A20FC2243155900F4BF09 /* AppDelegate.swift */ = {isa = PBXFileReference; lastKnownFileType = sourcecode.swift; path = AppDelegate.swift; sourceTree = "<group>"; };
		947A20FE2243155900F4BF09 /* ViewController.swift */ = {isa = PBXFileReference; lastKnownFileType = sourcecode.swift; path = ViewController.swift; sourceTree = "<group>"; };
		947A21012243155900F4BF09 /* Base */ = {isa = PBXFileReference; lastKnownFileType = file.storyboard; name = Base; path = Base.lproj/Main.storyboard; sourceTree = "<group>"; };
		947A21032243155A00F4BF09 /* Assets.xcassets */ = {isa = PBXFileReference; lastKnownFileType = folder.assetcatalog; path = Assets.xcassets; sourceTree = "<group>"; };
		947A21062243155A00F4BF09 /* Base */ = {isa = PBXFileReference; lastKnownFileType = file.storyboard; name = Base; path = Base.lproj/LaunchScreen.storyboard; sourceTree = "<group>"; };
		947A21082243155A00F4BF09 /* Info.plist */ = {isa = PBXFileReference; lastKnownFileType = text.plist.xml; path = Info.plist; sourceTree = "<group>"; };
		947A210E2243160700F4BF09 /* ServerData.json */ = {isa = PBXFileReference; fileEncoding = 4; lastKnownFileType = text.json; path = ServerData.json; sourceTree = "<group>"; };
		947A2110224392FE00F4BF09 /* NamePictureCell.swift */ = {isa = PBXFileReference; lastKnownFileType = sourcecode.swift; path = NamePictureCell.swift; sourceTree = "<group>"; };
		947A21122243931800F4BF09 /* BestPractice.swift */ = {isa = PBXFileReference; lastKnownFileType = sourcecode.swift; path = BestPractice.swift; sourceTree = "<group>"; };
		947A21142243942900F4BF09 /* AboutCell.swift */ = {isa = PBXFileReference; lastKnownFileType = sourcecode.swift; path = AboutCell.swift; sourceTree = "<group>"; };
		947A21162243943D00F4BF09 /* FriendCell.swift */ = {isa = PBXFileReference; lastKnownFileType = sourcecode.swift; path = FriendCell.swift; sourceTree = "<group>"; };
		947A21182243944F00F4BF09 /* AttributeCell.swift */ = {isa = PBXFileReference; lastKnownFileType = sourcecode.swift; path = AttributeCell.swift; sourceTree = "<group>"; };
		947A211A2243945D00F4BF09 /* EmailCell.swift */ = {isa = PBXFileReference; lastKnownFileType = sourcecode.swift; path = EmailCell.swift; sourceTree = "<group>"; };
		947A211C22439A2A00F4BF09 /* ProfileModel.swift */ = {isa = PBXFileReference; fileEncoding = 4; lastKnownFileType = sourcecode.swift; path = ProfileModel.swift; sourceTree = "<group>"; };
		947A211E22439C8900F4BF09 /* ProfileViewModel.swift */ = {isa = PBXFileReference; lastKnownFileType = sourcecode.swift; path = ProfileViewModel.swift; sourceTree = "<group>"; };
/* End PBXFileReference section */

/* Begin PBXFrameworksBuildPhase section */
		947A20F62243155900F4BF09 /* Frameworks */ = {
			isa = PBXFrameworksBuildPhase;
			buildActionMask = 2147483647;
			files = (
			);
			runOnlyForDeploymentPostprocessing = 0;
		};
/* End PBXFrameworksBuildPhase section */

/* Begin PBXGroup section */
		947A20F02243155900F4BF09 = {
			isa = PBXGroup;
			children = (
				947A20FB2243155900F4BF09 /* BP-UITableView */,
				947A21122243931800F4BF09 /* BestPractice.swift */,
				947A20FA2243155900F4BF09 /* Products */,
			);
			sourceTree = "<group>";
		};
		947A20FA2243155900F4BF09 /* Products */ = {
			isa = PBXGroup;
			children = (
				947A20F92243155900F4BF09 /* BP-UITableView.app */,
			);
			name = Products;
			sourceTree = "<group>";
		};
		947A20FB2243155900F4BF09 /* BP-UITableView */ = {
			isa = PBXGroup;
			children = (
				947A211C22439A2A00F4BF09 /* ProfileModel.swift */,
				947A210E2243160700F4BF09 /* ServerData.json */,
				947A20FC2243155900F4BF09 /* AppDelegate.swift */,
				947A20FE2243155900F4BF09 /* ViewController.swift */,
				947A21002243155900F4BF09 /* Main.storyboard */,
				947A21032243155A00F4BF09 /* Assets.xcassets */,
				947A21052243155A00F4BF09 /* LaunchScreen.storyboard */,
				947A21082243155A00F4BF09 /* Info.plist */,
				947A2110224392FE00F4BF09 /* NamePictureCell.swift */,
				947A21142243942900F4BF09 /* AboutCell.swift */,
				947A21162243943D00F4BF09 /* FriendCell.swift */,
				947A21182243944F00F4BF09 /* AttributeCell.swift */,
				947A211A2243945D00F4BF09 /* EmailCell.swift */,
				947A211E22439C8900F4BF09 /* ProfileViewModel.swift */,
			);
			path = "BP-UITableView";
			sourceTree = "<group>";
		};
/* End PBXGroup section */

/* Begin PBXNativeTarget section */
		947A20F82243155900F4BF09 /* BP-UITableView */ = {
			isa = PBXNativeTarget;
			buildConfigurationList = 947A210B2243155A00F4BF09 /* Build configuration list for PBXNativeTarget "BP-UITableView" */;
			buildPhases = (
				947A20F52243155900F4BF09 /* Sources */,
				947A20F62243155900F4BF09 /* Frameworks */,
				947A20F72243155900F4BF09 /* Resources */,
			);
			buildRules = (
			);
			dependencies = (
			);
			name = "BP-UITableView";
			productName = "BP-UITableView";
			productReference = 947A20F92243155900F4BF09 /* BP-UITableView.app */;
			productType = "com.apple.product-type.application";
		};
/* End PBXNativeTarget section */

/* Begin PBXProject section */
		947A20F12243155900F4BF09 /* Project object */ = {
			isa = PBXProject;
			attributes = {
				LastSwiftUpdateCheck = 1010;
				LastUpgradeCheck = 1010;
				ORGANIZATIONNAME = "Perfect365, Inc.";
				TargetAttributes = {
					947A20F82243155900F4BF09 = {
						CreatedOnToolsVersion = 10.1;
					};
				};
			};
			buildConfigurationList = 947A20F42243155900F4BF09 /* Build configuration list for PBXProject "BP-UITableView" */;
			compatibilityVersion = "Xcode 9.3";
			developmentRegion = en;
			hasScannedForEncodings = 0;
			knownRegions = (
				en,
				Base,
			);
			mainGroup = 947A20F02243155900F4BF09;
			productRefGroup = 947A20FA2243155900F4BF09 /* Products */;
			projectDirPath = "";
			projectRoot = "";
			targets = (
				947A20F82243155900F4BF09 /* BP-UITableView */,
			);
		};
/* End PBXProject section */

/* Begin PBXResourcesBuildPhase section */
		947A20F72243155900F4BF09 /* Resources */ = {
			isa = PBXResourcesBuildPhase;
			buildActionMask = 2147483647;
			files = (
				947A210F2243160700F4BF09 /* ServerData.json in Resources */,
				947A21072243155A00F4BF09 /* LaunchScreen.storyboard in Resources */,
				947A21042243155A00F4BF09 /* Assets.xcassets in Resources */,
				947A21022243155900F4BF09 /* Main.storyboard in Resources */,
			);
			runOnlyForDeploymentPostprocessing = 0;
		};
/* End PBXResourcesBuildPhase section */

/* Begin PBXSourcesBuildPhase section */
		947A20F52243155900F4BF09 /* Sources */ = {
			isa = PBXSourcesBuildPhase;
			buildActionMask = 2147483647;
			files = (
				947A211D22439A2A00F4BF09 /* ProfileModel.swift in Sources */,
				947A2111224392FE00F4BF09 /* NamePictureCell.swift in Sources */,
				947A21172243943D00F4BF09 /* FriendCell.swift in Sources */,
				947A211B2243945D00F4BF09 /* EmailCell.swift in Sources */,
				947A211F22439C8900F4BF09 /* ProfileViewModel.swift in Sources */,
				947A20FF2243155900F4BF09 /* ViewController.swift in Sources */,
				947A21152243942900F4BF09 /* AboutCell.swift in Sources */,
				947A20FD2243155900F4BF09 /* AppDelegate.swift in Sources */,
				947A21192243944F00F4BF09 /* AttributeCell.swift in Sources */,
				947A21132243931800F4BF09 /* BestPractice.swift in Sources */,
			);
			runOnlyForDeploymentPostprocessing = 0;
		};
/* End PBXSourcesBuildPhase section */

/* Begin PBXVariantGroup section */
		947A21002243155900F4BF09 /* Main.storyboard */ = {
			isa = PBXVariantGroup;
			children = (
				947A21012243155900F4BF09 /* Base */,
			);
			name = Main.storyboard;
			sourceTree = "<group>";
		};
		947A21052243155A00F4BF09 /* LaunchScreen.storyboard */ = {
			isa = PBXVariantGroup;
			children = (
				947A21062243155A00F4BF09 /* Base */,
			);
			name = LaunchScreen.storyboard;
			sourceTree = "<group>";
		};
/* End PBXVariantGroup section */

/* Begin XCBuildConfiguration section */
		947A21092243155A00F4BF09 /* Debug */ = {
			isa = XCBuildConfiguration;
			buildSettings = {
				ALWAYS_SEARCH_USER_PATHS = NO;
				CLANG_ANALYZER_NONNULL = YES;
				CLANG_ANALYZER_NUMBER_OBJECT_CONVERSION = YES_AGGRESSIVE;
				CLANG_CXX_LANGUAGE_STANDARD = "gnu++14";
				CLANG_CXX_LIBRARY = "libc++";
				CLANG_ENABLE_MODULES = YES;
				CLANG_ENABLE_OBJC_ARC = YES;
				CLANG_ENABLE_OBJC_WEAK = YES;
				CLANG_WARN_BLOCK_CAPTURE_AUTORELEASING = YES;
				CLANG_WARN_BOOL_CONVERSION = YES;
				CLANG_WARN_COMMA = YES;
				CLANG_WARN_CONSTANT_CONVERSION = YES;
				CLANG_WARN_DEPRECATED_OBJC_IMPLEMENTATIONS = YES;
				CLANG_WARN_DIRECT_OBJC_ISA_USAGE = YES_ERROR;
				CLANG_WARN_DOCUMENTATION_COMMENTS = YES;
				CLANG_WARN_EMPTY_BODY = YES;
				CLANG_WARN_ENUM_CONVERSION = YES;
				CLANG_WARN_INFINITE_RECURSION = YES;
				CLANG_WARN_INT_CONVERSION = YES;
				CLANG_WARN_NON_LITERAL_NULL_CONVERSION = YES;
				CLANG_WARN_OBJC_IMPLICIT_RETAIN_SELF = YES;
				CLANG_WARN_OBJC_LITERAL_CONVERSION = YES;
				CLANG_WARN_OBJC_ROOT_CLASS = YES_ERROR;
				CLANG_WARN_RANGE_LOOP_ANALYSIS = YES;
				CLANG_WARN_STRICT_PROTOTYPES = YES;
				CLANG_WARN_SUSPICIOUS_MOVE = YES;
				CLANG_WARN_UNGUARDED_AVAILABILITY = YES_AGGRESSIVE;
				CLANG_WARN_UNREACHABLE_CODE = YES;
				CLANG_WARN__DUPLICATE_METHOD_MATCH = YES;
				CODE_SIGN_IDENTITY = "iPhone Developer";
				COPY_PHASE_STRIP = NO;
				DEBUG_INFORMATION_FORMAT = dwarf;
				ENABLE_STRICT_OBJC_MSGSEND = YES;
				ENABLE_TESTABILITY = YES;
				GCC_C_LANGUAGE_STANDARD = gnu11;
				GCC_DYNAMIC_NO_PIC = NO;
				GCC_NO_COMMON_BLOCKS = YES;
				GCC_OPTIMIZATION_LEVEL = 0;
				GCC_PREPROCESSOR_DEFINITIONS = (
					"DEBUG=1",
					"$(inherited)",
				);
				GCC_WARN_64_TO_32_BIT_CONVERSION = YES;
				GCC_WARN_ABOUT_RETURN_TYPE = YES_ERROR;
				GCC_WARN_UNDECLARED_SELECTOR = YES;
				GCC_WARN_UNINITIALIZED_AUTOS = YES_AGGRESSIVE;
				GCC_WARN_UNUSED_FUNCTION = YES;
				GCC_WARN_UNUSED_VARIABLE = YES;
				IPHONEOS_DEPLOYMENT_TARGET = 12.1;
				MTL_ENABLE_DEBUG_INFO = INCLUDE_SOURCE;
				MTL_FAST_MATH = YES;
				ONLY_ACTIVE_ARCH = YES;
				SDKROOT = iphoneos;
				SWIFT_ACTIVE_COMPILATION_CONDITIONS = DEBUG;
				SWIFT_OPTIMIZATION_LEVEL = "-Onone";
			};
			name = Debug;
		};
		947A210A2243155A00F4BF09 /* Release */ = {
			isa = XCBuildConfiguration;
			buildSettings = {
				ALWAYS_SEARCH_USER_PATHS = NO;
				CLANG_ANALYZER_NONNULL = YES;
				CLANG_ANALYZER_NUMBER_OBJECT_CONVERSION = YES_AGGRESSIVE;
				CLANG_CXX_LANGUAGE_STANDARD = "gnu++14";
				CLANG_CXX_LIBRARY = "libc++";
				CLANG_ENABLE_MODULES = YES;
				CLANG_ENABLE_OBJC_ARC = YES;
				CLANG_ENABLE_OBJC_WEAK = YES;
				CLANG_WARN_BLOCK_CAPTURE_AUTORELEASING = YES;
				CLANG_WARN_BOOL_CONVERSION = YES;
				CLANG_WARN_COMMA = YES;
				CLANG_WARN_CONSTANT_CONVERSION = YES;
				CLANG_WARN_DEPRECATED_OBJC_IMPLEMENTATIONS = YES;
				CLANG_WARN_DIRECT_OBJC_ISA_USAGE = YES_ERROR;
				CLANG_WARN_DOCUMENTATION_COMMENTS = YES;
				CLANG_WARN_EMPTY_BODY = YES;
				CLANG_WARN_ENUM_CONVERSION = YES;
				CLANG_WARN_INFINITE_RECURSION = YES;
				CLANG_WARN_INT_CONVERSION = YES;
				CLANG_WARN_NON_LITERAL_NULL_CONVERSION = YES;
				CLANG_WARN_OBJC_IMPLICIT_RETAIN_SELF = YES;
				CLANG_WARN_OBJC_LITERAL_CONVERSION = YES;
				CLANG_WARN_OBJC_ROOT_CLASS = YES_ERROR;
				CLANG_WARN_RANGE_LOOP_ANALYSIS = YES;
				CLANG_WARN_STRICT_PROTOTYPES = YES;
				CLANG_WARN_SUSPICIOUS_MOVE = YES;
				CLANG_WARN_UNGUARDED_AVAILABILITY = YES_AGGRESSIVE;
				CLANG_WARN_UNREACHABLE_CODE = YES;
				CLANG_WARN__DUPLICATE_METHOD_MATCH = YES;
				CODE_SIGN_IDENTITY = "iPhone Developer";
				COPY_PHASE_STRIP = NO;
				DEBUG_INFORMATION_FORMAT = "dwarf-with-dsym";
				ENABLE_NS_ASSERTIONS = NO;
				ENABLE_STRICT_OBJC_MSGSEND = YES;
				GCC_C_LANGUAGE_STANDARD = gnu11;
				GCC_NO_COMMON_BLOCKS = YES;
				GCC_WARN_64_TO_32_BIT_CONVERSION = YES;
				GCC_WARN_ABOUT_RETURN_TYPE = YES_ERROR;
				GCC_WARN_UNDECLARED_SELECTOR = YES;
				GCC_WARN_UNINITIALIZED_AUTOS = YES_AGGRESSIVE;
				GCC_WARN_UNUSED_FUNCTION = YES;
				GCC_WARN_UNUSED_VARIABLE = YES;
				IPHONEOS_DEPLOYMENT_TARGET = 12.1;
				MTL_ENABLE_DEBUG_INFO = NO;
				MTL_FAST_MATH = YES;
				SDKROOT = iphoneos;
				SWIFT_COMPILATION_MODE = wholemodule;
				SWIFT_OPTIMIZATION_LEVEL = "-O";
				VALIDATE_PRODUCT = YES;
			};
			name = Release;
		};
		947A210C2243155A00F4BF09 /* Debug */ = {
			isa = XCBuildConfiguration;
			buildSettings = {
				ASSETCATALOG_COMPILER_APPICON_NAME = AppIcon;
				CODE_SIGN_STYLE = Automatic;
				DEVELOPMENT_TEAM = 7KD22EQFBB;
				INFOPLIST_FILE = "BP-UITableView/Info.plist";
				LD_RUNPATH_SEARCH_PATHS = (
					"$(inherited)",
					"@executable_path/Frameworks",
				);
				PRODUCT_BUNDLE_IDENTIFIER = com.perfect365.internal;
				PRODUCT_NAME = "$(TARGET_NAME)";
				SWIFT_VERSION = 4.2;
				TARGETED_DEVICE_FAMILY = "1,2";
			};
			name = Debug;
		};
		947A210D2243155A00F4BF09 /* Release */ = {
			isa = XCBuildConfiguration;
			buildSettings = {
				ASSETCATALOG_COMPILER_APPICON_NAME = AppIcon;
				CODE_SIGN_STYLE = Automatic;
				DEVELOPMENT_TEAM = 7KD22EQFBB;
				INFOPLIST_FILE = "BP-UITableView/Info.plist";
				LD_RUNPATH_SEARCH_PATHS = (
					"$(inherited)",
					"@executable_path/Frameworks",
				);
				PRODUCT_BUNDLE_IDENTIFIER = com.perfect365.internal;
				PRODUCT_NAME = "$(TARGET_NAME)";
				SWIFT_VERSION = 4.2;
				TARGETED_DEVICE_FAMILY = "1,2";
			};
			name = Release;
		};
/* End XCBuildConfiguration section */

/* Begin XCConfigurationList section */
		947A20F42243155900F4BF09 /* Build configuration list for PBXProject "BP-UITableView" */ = {
			isa = XCConfigurationList;
			buildConfigurations = (
				947A21092243155A00F4BF09 /* Debug */,
				947A210A2243155A00F4BF09 /* Release */,
			);
			defaultConfigurationIsVisible = 0;
			defaultConfigurationName = Release;
		};
		947A210B2243155A00F4BF09 /* Build configuration list for PBXNativeTarget "BP-UITableView" */ = {
			isa = XCConfigurationList;
			buildConfigurations = (
				947A210C2243155A00F4BF09 /* Debug */,
				947A210D2243155A00F4BF09 /* Release */,
			);
			defaultConfigurationIsVisible = 0;
			defaultConfigurationName = Release;
		};
/* End XCConfigurationList section */
	};
	rootObject = 947A20F12243155900F4BF09 /* Project object */;
}
